
Microsoft Visual Studio Solution File, Format Version 12.00
# Visual Studio Version 17
VisualStudioVersion = 17.8.34330.188
MinimumVisualStudioVersion = 10.0.40219.1
Project("{FAE04EC0-301F-11D3-BF4B-00C04F79EFBC}") = "Calculator", "Calculator\Calculator.csproj", "{08152A8D-4DEB-4377-B3CA-1B8BBD50136E}"
EndProject
Global
	GlobalSection(SolutionConfigurationPlatforms) = preSolution
		Debug|Any CPU = Debug|Any CPU
		Release|Any CPU = Release|Any CPU
	EndGlobalSection
	GlobalSection(ProjectConfigurationPlatforms) = postSolution
		{08152A8D-4DEB-4377-B3CA-1B8BBD50136E}.Debug|Any CPU.ActiveCfg = Debug|Any CPU
		{08152A8D-4DEB-4377-B3CA-1B8BBD50136E}.Debug|Any CPU.Build.0 = Debug|Any CPU
		{08152A8D-4DEB-4377-B3CA-1B8BBD50136E}.Release|Any CPU.ActiveCfg = Release|Any CPU
		{08152A8D-4DEB-4377-B3CA-1B8BBD50136E}.Release|Any CPU.Build.0 = Release|Any CPU
	EndGlobalSection
	GlobalSection(SolutionProperties) = preSolution
		HideSolutionNode = FALSE
	EndGlobalSection
	GlobalSection(ExtensibilityGlobals) = postSolution
		SolutionGuid = {8AC8706F-4659-4788-98CF-86F3E93D44DD}
	EndGlobalSection
EndGlobal
